schema: '2.0'
stages:
  earth:
    cmd: importer bulk earth > logs/earth.log
    outs:
    - path: logs/earth.log
      hash: md5
      md5: 6f6e5d014a4ccc47d6dc7064b820c83b
      size: 175
  iso-3166-1:
    cmd: importer bulk iso-3166-1 > logs/iso-3166-1.log
    deps:
    - path: logs/earth.log
      hash: md5
      md5: 6f6e5d014a4ccc47d6dc7064b820c83b
      size: 175
    outs:
    - path: logs/iso-3166-1.log
      hash: md5
      md5: 363936f7b65bee41b810011cd9038076
      size: 229
  iso-3166-2:
    cmd: importer bulk iso-3166-2 > logs/iso-3166-2.log
    deps:
    - path: logs/iso-3166-1.log
      hash: md5
      md5: 363936f7b65bee41b810011cd9038076
      size: 229
    outs:
    - path: logs/iso-3166-2.log
      hash: md5
      md5: d5274869f35221681bb2ed9558ea6f8a
      size: 229
  locode:
    cmd: importer bulk locode > logs/locode.log
    deps:
    - path: logs/iso-3166-1.log
      hash: md5
      md5: 363936f7b65bee41b810011cd9038076
      size: 229
    - path: logs/iso-3166-2.log
      hash: md5
      md5: d5274869f35221681bb2ed9558ea6f8a
      size: 229
    outs:
    - path: logs/locode.log
      hash: md5
      md5: b5b30bfd76638f2ad326f77c4208bb29
      size: 217
  gas_and_gwp:
    cmd: importer gwp > logs/gwp.log
    outs:
    - path: logs/gwp.log
      hash: md5
      md5: a7e9a152ffd45f130178d97407ef06dc
      size: 206
  gwp:
    cmd: importer bulk gwp > logs/gwp.log
    outs:
    - path: logs/gwp.log
      hash: md5
      md5: a7e9a152ffd45f130178d97407ef06dc
      size: 206
  wpp:
    cmd: importer bulk wpp > logs/wpp.log
    deps:
    - path: logs/iso-3166-1.log
      hash: md5
      md5: 363936f7b65bee41b810011cd9038076
      size: 229
    outs:
    - path: logs/wpp.log
      hash: md5
      md5: 00fe5b755aaa7b6ad730575dffdb5a8d
      size: 213
  world-bank-gdp:
    cmd: importer bulk world-bank > logs/world-bank.log
    deps:
    - path: logs/iso-3166-1.log
      hash: md5
      md5: 363936f7b65bee41b810011cd9038076
      size: 229
    outs:
    - path: logs/world-bank.log
      hash: md5
      md5: a54f51845e6fe25cbada51e1994f5dfc
      size: 227
  us-state-population:
    cmd: importer bulk fred-state-population > logs/fred-state-population.log
    deps:
    - path: logs/iso-3166-2.log
      hash: md5
      md5: d5274869f35221681bb2ed9558ea6f8a
      size: 229
    outs:
    - path: logs/fred-state-population.log
      hash: md5
      md5: 46c075ed21e1e6a570384aad58d6eac2
      size: 267
  canada-province-population:
    cmd: importer bulk canada-province-population > logs/canada-province-population.log
    deps:
    - path: logs/iso-3166-2.log
      hash: md5
      md5: d5274869f35221681bb2ed9558ea6f8a
      size: 229
    outs:
    - path: logs/canada-province-population.log
      hash: md5
      md5: 25bfabcd6d1a7d9df69d178fc0c57e72
      size: 283
  net-zero-tracker:
    cmd: importer bulk net-zero-tracker > logs/net-zero-tracker.log
    deps:
    - path: logs/iso-3166-1.log
      hash: md5
      md5: 363936f7b65bee41b810011cd9038076
      size: 229
    outs:
    - path: logs/net-zero-tracker.log
      hash: md5
      md5: 09f0ab0ae93ad68f113396475e52ac4a
      size: 249
  ipcc-crf:
    cmd: importer bulk ipcc-crf > logs/ipcc-crf.log
    outs:
    - path: logs/ipcc-crf.log
      hash: md5
      md5: 294954deef5a982bc40373ec4a89a80f
      size: 224
  crt-on-nir:
    cmd: importer bulk crt-on-nir > logs/crt-on-nir.log
    outs:
    - path: logs/crt-on-nir.log
      hash: md5
      md5: 0df414faae3a8bcdc4346c09327f2b3b
      size: 230
  primap:
    cmd: importer bulk primap > logs/primap.log
    deps:
    - path: logs/crt-on-nir.log
      hash: md5
      md5: 0df414faae3a8bcdc4346c09327f2b3b
      size: 230
    - path: logs/gwp.log
      hash: md5
      md5: a7e9a152ffd45f130178d97407ef06dc
      size: 206
    - path: logs/iso-3166-1.log
      hash: md5
      md5: 363936f7b65bee41b810011cd9038076
      size: 229
    outs:
    - path: logs/primap.log
      hash: md5
      md5: bc0dc903a98d43a1321c445fe2156ed8
      size: 359
  epa-state-emissions:
    cmd: importer bulk epa-state-emissions > logs/epa-state-emissions.log
    deps:
    - path: logs/crt-on-nir.log
      hash: md5
      md5: 0df414faae3a8bcdc4346c09327f2b3b
      size: 230
    - path: logs/gwp.log
      hash: md5
      md5: a7e9a152ffd45f130178d97407ef06dc
      size: 206
    - path: logs/iso-3166-2.log
      hash: md5
      md5: d5274869f35221681bb2ed9558ea6f8a
      size: 229
    outs:
    - path: logs/epa-state-emissions.log
      hash: md5
      md5: b44e3a351968b539ab985332d232cffb
      size: 360
